// !$*UTF8*$!
{
	archiveVersion = 1;
	classes = {
	};
	objectVersion = 50;
	objects = {

/* Begin PBXBuildFile section */
		76259AFB212289D7004FE3EB /* ImageCache.swift in Sources */ = {isa = PBXBuildFile; fileRef = 76259AFA212289D7004FE3EB /* ImageCache.swift */; };
		76259AFE2122A6A0004FE3EB /* ImageExtensions.swift in Sources */ = {isa = PBXBuildFile; fileRef = 76259AFD2122A6A0004FE3EB /* ImageExtensions.swift */; };
		76571362212218D6004C5DEA /* DisplaysSensitiveDataProtocol.swift in Sources */ = {isa = PBXBuildFile; fileRef = 76571361212218D6004C5DEA /* DisplaysSensitiveDataProtocol.swift */; };
		76931C0321211B1000C36167 /* AppDelegate.swift in Sources */ = {isa = PBXBuildFile; fileRef = 76931C0221211B1000C36167 /* AppDelegate.swift */; };
		76931C0521211B1000C36167 /* PINViewController.swift in Sources */ = {isa = PBXBuildFile; fileRef = 76931C0421211B1000C36167 /* PINViewController.swift */; };
		76931C0821211B1000C36167 /* Main.storyboard in Resources */ = {isa = PBXBuildFile; fileRef = 76931C0621211B1000C36167 /* Main.storyboard */; };
		76931C0A21211B1100C36167 /* Assets.xcassets in Resources */ = {isa = PBXBuildFile; fileRef = 76931C0921211B1100C36167 /* Assets.xcassets */; };
		76931C0D21211B1100C36167 /* LaunchScreen.storyboard in Resources */ = {isa = PBXBuildFile; fileRef = 76931C0B21211B1100C36167 /* LaunchScreen.storyboard */; };
		76931C23212120B600C36167 /* PINEntryManager.swift in Sources */ = {isa = PBXBuildFile; fileRef = 76931C22212120B600C36167 /* PINEntryManager.swift */; };
		76E1A26821213EF3004066F5 /* PhotoLibraryViewController.swift in Sources */ = {isa = PBXBuildFile; fileRef = 76E1A26721213EF3004066F5 /* PhotoLibraryViewController.swift */; };
		76E1A26A21213F7E004066F5 /* ImageManager.swift in Sources */ = {isa = PBXBuildFile; fileRef = 76E1A26921213F7E004066F5 /* ImageManager.swift */; };
		76E1A26C21214388004066F5 /* ImageURLListManager.swift in Sources */ = {isa = PBXBuildFile; fileRef = 76E1A26B21214388004066F5 /* ImageURLListManager.swift */; };
		76E1A26E212147BE004066F5 /* ImageCollectionCell.swift in Sources */ = {isa = PBXBuildFile; fileRef = 76E1A26D212147BE004066F5 /* ImageCollectionCell.swift */; };
		D85FBDB4F6FF57E79719AAD6 /* Pods_KeepSafeTests.framework in Frameworks */ = {isa = PBXBuildFile; fileRef = 0FE907052BAB9542BBB7811D /* Pods_KeepSafeTests.framework */; };
		E1BDE2ED9747EC5CD2DB929A /* Pods_KeepSafe.framework in Frameworks */ = {isa = PBXBuildFile; fileRef = A6DDDC5079371940B74E4C81 /* Pods_KeepSafe.framework */; };
/* End PBXBuildFile section */

/* Begin PBXContainerItemProxy section */
		76931C1421211B1100C36167 /* PBXContainerItemProxy */ = {
			isa = PBXContainerItemProxy;
			containerPortal = 76931BF721211B1000C36167 /* Project object */;
			proxyType = 1;
			remoteGlobalIDString = 76931BFE21211B1000C36167;
			remoteInfo = KeepSafe;
		};
/* End PBXContainerItemProxy section */

/* Begin PBXFileReference section */
		0F4FC6AE09E05496496BD7EA /* Pods-KeepSafeTests.debug.xcconfig */ = {isa = PBXFileReference; includeInIndex = 1; lastKnownFileType = text.xcconfig; name = "Pods-KeepSafeTests.debug.xcconfig"; path = "Pods/Target Support Files/Pods-KeepSafeTests/Pods-KeepSafeTests.debug.xcconfig"; sourceTree = "<group>"; };
		0FE907052BAB9542BBB7811D /* Pods_KeepSafeTests.framework */ = {isa = PBXFileReference; explicitFileType = wrapper.framework; includeInIndex = 0; path = Pods_KeepSafeTests.framework; sourceTree = BUILT_PRODUCTS_DIR; };
		5687C7E93EA4D5C21C671592 /* Pods-KeepSafeTests.release.xcconfig */ = {isa = PBXFileReference; includeInIndex = 1; lastKnownFileType = text.xcconfig; name = "Pods-KeepSafeTests.release.xcconfig"; path = "Pods/Target Support Files/Pods-KeepSafeTests/Pods-KeepSafeTests.release.xcconfig"; sourceTree = "<group>"; };
		76259AFA212289D7004FE3EB /* ImageCache.swift */ = {isa = PBXFileReference; lastKnownFileType = sourcecode.swift; path = ImageCache.swift; sourceTree = "<group>"; };
		76259AFD2122A6A0004FE3EB /* ImageExtensions.swift */ = {isa = PBXFileReference; lastKnownFileType = sourcecode.swift; path = ImageExtensions.swift; sourceTree = "<group>"; };
		76571361212218D6004C5DEA /* DisplaysSensitiveDataProtocol.swift */ = {isa = PBXFileReference; lastKnownFileType = sourcecode.swift; path = DisplaysSensitiveDataProtocol.swift; sourceTree = "<group>"; };
		76931BFF21211B1000C36167 /* KeepSafe.app */ = {isa = PBXFileReference; explicitFileType = wrapper.application; includeInIndex = 0; path = KeepSafe.app; sourceTree = BUILT_PRODUCTS_DIR; };
		76931C0221211B1000C36167 /* AppDelegate.swift */ = {isa = PBXFileReference; lastKnownFileType = sourcecode.swift; path = AppDelegate.swift; sourceTree = "<group>"; };
		76931C0421211B1000C36167 /* PINViewController.swift */ = {isa = PBXFileReference; lastKnownFileType = sourcecode.swift; path = PINViewController.swift; sourceTree = "<group>"; };
		76931C0721211B1000C36167 /* Base */ = {isa = PBXFileReference; lastKnownFileType = file.storyboard; name = Base; path = Base.lproj/Main.storyboard; sourceTree = "<group>"; };
		76931C0921211B1100C36167 /* Assets.xcassets */ = {isa = PBXFileReference; lastKnownFileType = folder.assetcatalog; path = Assets.xcassets; sourceTree = "<group>"; };
		76931C0C21211B1100C36167 /* Base */ = {isa = PBXFileReference; lastKnownFileType = file.storyboard; name = Base; path = Base.lproj/LaunchScreen.storyboard; sourceTree = "<group>"; };
		76931C0E21211B1100C36167 /* Info.plist */ = {isa = PBXFileReference; lastKnownFileType = text.plist.xml; path = Info.plist; sourceTree = "<group>"; };
		76931C1321211B1100C36167 /* KeepSafeTests.xctest */ = {isa = PBXFileReference; explicitFileType = wrapper.cfbundle; includeInIndex = 0; path = KeepSafeTests.xctest; sourceTree = BUILT_PRODUCTS_DIR; };
		76931C22212120B600C36167 /* PINEntryManager.swift */ = {isa = PBXFileReference; lastKnownFileType = sourcecode.swift; path = PINEntryManager.swift; sourceTree = "<group>"; };
		76E1A26721213EF3004066F5 /* PhotoLibraryViewController.swift */ = {isa = PBXFileReference; lastKnownFileType = sourcecode.swift; path = PhotoLibraryViewController.swift; sourceTree = "<group>"; };
		76E1A26921213F7E004066F5 /* ImageManager.swift */ = {isa = PBXFileReference; lastKnownFileType = sourcecode.swift; path = ImageManager.swift; sourceTree = "<group>"; };
		76E1A26B21214388004066F5 /* ImageURLListManager.swift */ = {isa = PBXFileReference; lastKnownFileType = sourcecode.swift; path = ImageURLListManager.swift; sourceTree = "<group>"; };
		76E1A26D212147BE004066F5 /* ImageCollectionCell.swift */ = {isa = PBXFileReference; lastKnownFileType = sourcecode.swift; path = ImageCollectionCell.swift; sourceTree = "<group>"; };
		A6DDDC5079371940B74E4C81 /* Pods_KeepSafe.framework */ = {isa = PBXFileReference; explicitFileType = wrapper.framework; includeInIndex = 0; path = Pods_KeepSafe.framework; sourceTree = BUILT_PRODUCTS_DIR; };
		ACB42AA46A4FA8FE80826953 /* Pods-KeepSafe.debug.xcconfig */ = {isa = PBXFileReference; includeInIndex = 1; lastKnownFileType = text.xcconfig; name = "Pods-KeepSafe.debug.xcconfig"; path = "Pods/Target Support Files/Pods-KeepSafe/Pods-KeepSafe.debug.xcconfig"; sourceTree = "<group>"; };
		D2569EA2099EB00A56146380 /* Pods-KeepSafe.release.xcconfig */ = {isa = PBXFileReference; includeInIndex = 1; lastKnownFileType = text.xcconfig; name = "Pods-KeepSafe.release.xcconfig"; path = "Pods/Target Support Files/Pods-KeepSafe/Pods-KeepSafe.release.xcconfig"; sourceTree = "<group>"; };
/* End PBXFileReference section */

/* Begin PBXFrameworksBuildPhase section */
		76931BFC21211B1000C36167 /* Frameworks */ = {
			isa = PBXFrameworksBuildPhase;
			buildActionMask = 2147483647;
			files = (
				E1BDE2ED9747EC5CD2DB929A /* Pods_KeepSafe.framework in Frameworks */,
			);
			runOnlyForDeploymentPostprocessing = 0;
		};
		76931C1021211B1100C36167 /* Frameworks */ = {
			isa = PBXFrameworksBuildPhase;
			buildActionMask = 2147483647;
			files = (
				D85FBDB4F6FF57E79719AAD6 /* Pods_KeepSafeTests.framework in Frameworks */,
			);
			runOnlyForDeploymentPostprocessing = 0;
		};
/* End PBXFrameworksBuildPhase section */

/* Begin PBXGroup section */
		1FB06B7B36E312C2A93D9B82 /* Frameworks */ = {
			isa = PBXGroup;
			children = (
				A6DDDC5079371940B74E4C81 /* Pods_KeepSafe.framework */,
				0FE907052BAB9542BBB7811D /* Pods_KeepSafeTests.framework */,
			);
			name = Frameworks;
			sourceTree = "<group>";
		};
		76259AFC2122A68C004FE3EB /* Extensions */ = {
			isa = PBXGroup;
			children = (
				76259AFD2122A6A0004FE3EB /* ImageExtensions.swift */,
			);
			path = Extensions;
			sourceTree = "<group>";
		};
		76931BF621211B1000C36167 = {
			isa = PBXGroup;
			children = (
				76931C0121211B1000C36167 /* KeepSafe */,
				76931C0021211B1000C36167 /* Products */,
				8634653968A918508DBA7C1E /* Pods */,
				1FB06B7B36E312C2A93D9B82 /* Frameworks */,
			);
			sourceTree = "<group>";
		};
		76931C0021211B1000C36167 /* Products */ = {
			isa = PBXGroup;
			children = (
				76931BFF21211B1000C36167 /* KeepSafe.app */,
				76931C1321211B1100C36167 /* KeepSafeTests.xctest */,
			);
			name = Products;
			sourceTree = "<group>";
		};
		76931C0121211B1000C36167 /* KeepSafe */ = {
			isa = PBXGroup;
			children = (
				76931C0221211B1000C36167 /* AppDelegate.swift */,
				76259AFC2122A68C004FE3EB /* Extensions */,
				76931C24212121CD00C36167 /* Data */,
				76931C25212121D700C36167 /* Views */,
				76931C0621211B1000C36167 /* Main.storyboard */,
				76931C0921211B1100C36167 /* Assets.xcassets */,
				76931C0B21211B1100C36167 /* LaunchScreen.storyboard */,
				76931C0E21211B1100C36167 /* Info.plist */,
			);
			path = KeepSafe;
			sourceTree = "<group>";
		};
		76931C24212121CD00C36167 /* Data */ = {
			isa = PBXGroup;
			children = (
				76931C22212120B600C36167 /* PINEntryManager.swift */,
				76E1A26921213F7E004066F5 /* ImageManager.swift */,
				76E1A26B21214388004066F5 /* ImageURLListManager.swift */,
				76259AFA212289D7004FE3EB /* ImageCache.swift */,
			);
			path = Data;
			sourceTree = "<group>";
		};
		76931C25212121D700C36167 /* Views */ = {
			isa = PBXGroup;
			children = (
				76931C0421211B1000C36167 /* PINViewController.swift */,
				76E1A26721213EF3004066F5 /* PhotoLibraryViewController.swift */,
				76E1A26D212147BE004066F5 /* ImageCollectionCell.swift */,
				76571361212218D6004C5DEA /* DisplaysSensitiveDataProtocol.swift */,
			);
			path = Views;
			sourceTree = "<group>";
		};
		8634653968A918508DBA7C1E /* Pods */ = {
			isa = PBXGroup;
			children = (
				ACB42AA46A4FA8FE80826953 /* Pods-KeepSafe.debug.xcconfig */,
				D2569EA2099EB00A56146380 /* Pods-KeepSafe.release.xcconfig */,
				0F4FC6AE09E05496496BD7EA /* Pods-KeepSafeTests.debug.xcconfig */,
				5687C7E93EA4D5C21C671592 /* Pods-KeepSafeTests.release.xcconfig */,
			);
			name = Pods;
			sourceTree = "<group>";
		};
/* End PBXGroup section */

/* Begin PBXNativeTarget section */
		76931BFE21211B1000C36167 /* KeepSafe */ = {
			isa = PBXNativeTarget;
			buildConfigurationList = 76931C1C21211B1100C36167 /* Build configuration list for PBXNativeTarget "KeepSafe" */;
			buildPhases = (
				B1F3A3F66052C4E6C0DE7DE7 /* [CP] Check Pods Manifest.lock */,
				76931BFB21211B1000C36167 /* Sources */,
				76931BFC21211B1000C36167 /* Frameworks */,
				76931BFD21211B1000C36167 /* Resources */,
				699DD91F0CEA4A386F9F5F11 /* [CP] Embed Pods Frameworks */,
				EFB738C88AC4F93E72328DE1 /* [CP] Copy Pods Resources */,
			);
			buildRules = (
			);
			dependencies = (
			);
			name = KeepSafe;
			productName = KeepSafe;
			productReference = 76931BFF21211B1000C36167 /* KeepSafe.app */;
			productType = "com.apple.product-type.application";
		};
		76931C1221211B1100C36167 /* KeepSafeTests */ = {
			isa = PBXNativeTarget;
			buildConfigurationList = 76931C1F21211B1100C36167 /* Build configuration list for PBXNativeTarget "KeepSafeTests" */;
			buildPhases = (
				AEC00FD62CF45C69BE9B19C2 /* [CP] Check Pods Manifest.lock */,
				76931C0F21211B1100C36167 /* Sources */,
				76931C1021211B1100C36167 /* Frameworks */,
				76931C1121211B1100C36167 /* Resources */,
				FB694DAE43D1371B4116DB53 /* [CP] Embed Pods Frameworks */,
				3715152BB47B2959B762EA2C /* [CP] Copy Pods Resources */,
			);
			buildRules = (
			);
			dependencies = (
				76931C1521211B1100C36167 /* PBXTargetDependency */,
			);
			name = KeepSafeTests;
			productName = KeepSafeTests;
			productReference = 76931C1321211B1100C36167 /* KeepSafeTests.xctest */;
			productType = "com.apple.product-type.bundle.unit-test";
		};
/* End PBXNativeTarget section */

/* Begin PBXProject section */
		76931BF721211B1000C36167 /* Project object */ = {
			isa = PBXProject;
			attributes = {
				LastSwiftUpdateCheck = 0940;
				LastUpgradeCheck = 0940;
				ORGANIZATIONNAME = marty;
				TargetAttributes = {
					76931BFE21211B1000C36167 = {
						CreatedOnToolsVersion = 9.4.1;
					};
					76931C1221211B1100C36167 = {
						CreatedOnToolsVersion = 9.4.1;
						TestTargetID = 76931BFE21211B1000C36167;
					};
				};
			};
			buildConfigurationList = 76931BFA21211B1000C36167 /* Build configuration list for PBXProject "KeepSafe" */;
			compatibilityVersion = "Xcode 9.3";
			developmentRegion = en;
			hasScannedForEncodings = 0;
			knownRegions = (
				en,
				Base,
			);
			mainGroup = 76931BF621211B1000C36167;
			productRefGroup = 76931C0021211B1000C36167 /* Products */;
			projectDirPath = "";
			projectRoot = "";
			targets = (
				76931BFE21211B1000C36167 /* KeepSafe */,
				76931C1221211B1100C36167 /* KeepSafeTests */,
			);
		};
/* End PBXProject section */

/* Begin PBXResourcesBuildPhase section */
		76931BFD21211B1000C36167 /* Resources */ = {
			isa = PBXResourcesBuildPhase;
			buildActionMask = 2147483647;
			files = (
				76931C0D21211B1100C36167 /* LaunchScreen.storyboard in Resources */,
				76931C0A21211B1100C36167 /* Assets.xcassets in Resources */,
				76931C0821211B1000C36167 /* Main.storyboard in Resources */,
			);
			runOnlyForDeploymentPostprocessing = 0;
		};
		76931C1121211B1100C36167 /* Resources */ = {
			isa = PBXResourcesBuildPhase;
			buildActionMask = 2147483647;
			files = (
			);
			runOnlyForDeploymentPostprocessing = 0;
		};
/* End PBXResourcesBuildPhase section */

/* Begin PBXShellScriptBuildPhase section */
		3715152BB47B2959B762EA2C /* [CP] Copy Pods Resources */ = {
			isa = PBXShellScriptBuildPhase;
			buildActionMask = 2147483647;
			files = (
			);
			inputPaths = (
			);
			name = "[CP] Copy Pods Resources";
			outputPaths = (
			);
			runOnlyForDeploymentPostprocessing = 0;
			shellPath = /bin/sh;
			shellScript = "\"${SRCROOT}/Pods/Target Support Files/Pods-KeepSafeTests/Pods-KeepSafeTests-resources.sh\"\n";
			showEnvVarsInLog = 0;
		};
		699DD91F0CEA4A386F9F5F11 /* [CP] Embed Pods Frameworks */ = {
			isa = PBXShellScriptBuildPhase;
			buildActionMask = 2147483647;
			files = (
			);
			inputPaths = (
				"${SRCROOT}/Pods/Target Support Files/Pods-KeepSafe/Pods-KeepSafe-frameworks.sh",
				"${BUILT_PRODUCTS_DIR}/Alamofire/Alamofire.framework",
				"${BUILT_PRODUCTS_DIR}/AlamofireImage/AlamofireImage.framework",
				"${BUILT_PRODUCTS_DIR}/Differ/Differ.framework",
				"${BUILT_PRODUCTS_DIR}/KeychainAccess/KeychainAccess.framework",
				"${BUILT_PRODUCTS_DIR}/PureLayout/PureLayout.framework",
			);
			name = "[CP] Embed Pods Frameworks";
			outputPaths = (
				"${TARGET_BUILD_DIR}/${FRAMEWORKS_FOLDER_PATH}/Alamofire.framework",
				"${TARGET_BUILD_DIR}/${FRAMEWORKS_FOLDER_PATH}/AlamofireImage.framework",
				"${TARGET_BUILD_DIR}/${FRAMEWORKS_FOLDER_PATH}/Differ.framework",
				"${TARGET_BUILD_DIR}/${FRAMEWORKS_FOLDER_PATH}/KeychainAccess.framework",
				"${TARGET_BUILD_DIR}/${FRAMEWORKS_FOLDER_PATH}/PureLayout.framework",
			);
			runOnlyForDeploymentPostprocessing = 0;
			shellPath = /bin/sh;
			shellScript = "\"${SRCROOT}/Pods/Target Support Files/Pods-KeepSafe/Pods-KeepSafe-frameworks.sh\"\n";
			showEnvVarsInLog = 0;
		};
		AEC00FD62CF45C69BE9B19C2 /* [CP] Check Pods Manifest.lock */ = {
			isa = PBXShellScriptBuildPhase;
			buildActionMask = 2147483647;
			files = (
			);
			inputPaths = (
				"${PODS_PODFILE_DIR_PATH}/Podfile.lock",
				"${PODS_ROOT}/Manifest.lock",
			);
			name = "[CP] Check Pods Manifest.lock";
			outputPaths = (
				"$(DERIVED_FILE_DIR)/Pods-KeepSafeTests-checkManifestLockResult.txt",
			);
			runOnlyForDeploymentPostprocessing = 0;
			shellPath = /bin/sh;
			shellScript = "diff \"${PODS_PODFILE_DIR_PATH}/Podfile.lock\" \"${PODS_ROOT}/Manifest.lock\" > /dev/null\nif [ $? != 0 ] ; then\n    # print error to STDERR\n    echo \"error: The sandbox is not in sync with the Podfile.lock. Run 'pod install' or update your CocoaPods installation.\" >&2\n    exit 1\nfi\n# This output is used by Xcode 'outputs' to avoid re-running this script phase.\necho \"SUCCESS\" > \"${SCRIPT_OUTPUT_FILE_0}\"\n";
			showEnvVarsInLog = 0;
		};
		B1F3A3F66052C4E6C0DE7DE7 /* [CP] Check Pods Manifest.lock */ = {
			isa = PBXShellScriptBuildPhase;
			buildActionMask = 2147483647;
			files = (
			);
			inputPaths = (
				"${PODS_PODFILE_DIR_PATH}/Podfile.lock",
				"${PODS_ROOT}/Manifest.lock",
			);
			name = "[CP] Check Pods Manifest.lock";
			outputPaths = (
				"$(DERIVED_FILE_DIR)/Pods-KeepSafe-checkManifestLockResult.txt",
			);
			runOnlyForDeploymentPostprocessing = 0;
			shellPath = /bin/sh;
			shellScript = "diff \"${PODS_PODFILE_DIR_PATH}/Podfile.lock\" \"${PODS_ROOT}/Manifest.lock\" > /dev/null\nif [ $? != 0 ] ; then\n    # print error to STDERR\n    echo \"error: The sandbox is not in sync with the Podfile.lock. Run 'pod install' or update your CocoaPods installation.\" >&2\n    exit 1\nfi\n# This output is used by Xcode 'outputs' to avoid re-running this script phase.\necho \"SUCCESS\" > \"${SCRIPT_OUTPUT_FILE_0}\"\n";
			showEnvVarsInLog = 0;
		};
		EFB738C88AC4F93E72328DE1 /* [CP] Copy Pods Resources */ = {
			isa = PBXShellScriptBuildPhase;
			buildActionMask = 2147483647;
			files = (
			);
			inputPaths = (
			);
			name = "[CP] Copy Pods Resources";
			outputPaths = (
			);
			runOnlyForDeploymentPostprocessing = 0;
			shellPath = /bin/sh;
			shellScript = "\"${SRCROOT}/Pods/Target Support Files/Pods-KeepSafe/Pods-KeepSafe-resources.sh\"\n";
			showEnvVarsInLog = 0;
		};
		FB694DAE43D1371B4116DB53 /* [CP] Embed Pods Frameworks */ = {
			isa = PBXShellScriptBuildPhase;
			buildActionMask = 2147483647;
			files = (
			);
			inputPaths = (
			);
			name = "[CP] Embed Pods Frameworks";
			outputPaths = (
			);
			runOnlyForDeploymentPostprocessing = 0;
			shellPath = /bin/sh;
			shellScript = "\"${SRCROOT}/Pods/Target Support Files/Pods-KeepSafeTests/Pods-KeepSafeTests-frameworks.sh\"\n";
			showEnvVarsInLog = 0;
		};
/* End PBXShellScriptBuildPhase section */

/* Begin PBXSourcesBuildPhase section */
		76931BFB21211B1000C36167 /* Sources */ = {
			isa = PBXSourcesBuildPhase;
			buildActionMask = 2147483647;
			files = (
				76E1A26E212147BE004066F5 /* ImageCollectionCell.swift in Sources */,
				76E1A26821213EF3004066F5 /* PhotoLibraryViewController.swift in Sources */,
				76E1A26A21213F7E004066F5 /* ImageManager.swift in Sources */,
				76931C23212120B600C36167 /* PINEntryManager.swift in Sources */,
				76E1A26C21214388004066F5 /* ImageURLListManager.swift in Sources */,
				76259AFE2122A6A0004FE3EB /* ImageExtensions.swift in Sources */,
				76571362212218D6004C5DEA /* DisplaysSensitiveDataProtocol.swift in Sources */,
				76931C0521211B1000C36167 /* PINViewController.swift in Sources */,
				76259AFB212289D7004FE3EB /* ImageCache.swift in Sources */,
				76931C0321211B1000C36167 /* AppDelegate.swift in Sources */,
			);
			runOnlyForDeploymentPostprocessing = 0;
		};
		76931C0F21211B1100C36167 /* Sources */ = {
			isa = PBXSourcesBuildPhase;
			buildActionMask = 2147483647;
			files = (
			);
			runOnlyForDeploymentPostprocessing = 0;
		};
/* End PBXSourcesBuildPhase section */

/* Begin PBXTargetDependency section */
		76931C1521211B1100C36167 /* PBXTargetDependency */ = {
			isa = PBXTargetDependency;
			target = 76931BFE21211B1000C36167 /* KeepSafe */;
			targetProxy = 76931C1421211B1100C36167 /* PBXContainerItemProxy */;
		};
/* End PBXTargetDependency section */

/* Begin PBXVariantGroup section */
		76931C0621211B1000C36167 /* Main.storyboard */ = {
			isa = PBXVariantGroup;
			children = (
				76931C0721211B1000C36167 /* Base */,
			);
			name = Main.storyboard;
			sourceTree = "<group>";
		};
		76931C0B21211B1100C36167 /* LaunchScreen.storyboard */ = {
			isa = PBXVariantGroup;
			children = (
				76931C0C21211B1100C36167 /* Base */,
			);
			name = LaunchScreen.storyboard;
			sourceTree = "<group>";
		};
/* End PBXVariantGroup section */

/* Begin XCBuildConfiguration section */
		76931C1A21211B1100C36167 /* Debug */ = {
			isa = XCBuildConfiguration;
			buildSettings = {
				ALWAYS_SEARCH_USER_PATHS = NO;
				CLANG_ANALYZER_NONNULL = YES;
				CLANG_ANALYZER_NUMBER_OBJECT_CONVERSION = YES_AGGRESSIVE;
				CLANG_CXX_LANGUAGE_STANDARD = "gnu++14";
				CLANG_CXX_LIBRARY = "libc++";
				CLANG_ENABLE_MODULES = YES;
				CLANG_ENABLE_OBJC_ARC = YES;
				CLANG_ENABLE_OBJC_WEAK = YES;
				CLANG_WARN_BLOCK_CAPTURE_AUTORELEASING = YES;
				CLANG_WARN_BOOL_CONVERSION = YES;
				CLANG_WARN_COMMA = YES;
				CLANG_WARN_CONSTANT_CONVERSION = YES;
				CLANG_WARN_DEPRECATED_OBJC_IMPLEMENTATIONS = YES;
				CLANG_WARN_DIRECT_OBJC_ISA_USAGE = YES_ERROR;
				CLANG_WARN_DOCUMENTATION_COMMENTS = YES;
				CLANG_WARN_EMPTY_BODY = YES;
				CLANG_WARN_ENUM_CONVERSION = YES;
				CLANG_WARN_INFINITE_RECURSION = YES;
				CLANG_WARN_INT_CONVERSION = YES;
				CLANG_WARN_NON_LITERAL_NULL_CONVERSION = YES;
				CLANG_WARN_OBJC_IMPLICIT_RETAIN_SELF = YES;
				CLANG_WARN_OBJC_LITERAL_CONVERSION = YES;
				CLANG_WARN_OBJC_ROOT_CLASS = YES_ERROR;
				CLANG_WARN_RANGE_LOOP_ANALYSIS = YES;
				CLANG_WARN_STRICT_PROTOTYPES = YES;
				CLANG_WARN_SUSPICIOUS_MOVE = YES;
				CLANG_WARN_UNGUARDED_AVAILABILITY = YES_AGGRESSIVE;
				CLANG_WARN_UNREACHABLE_CODE = YES;
				CLANG_WARN__DUPLICATE_METHOD_MATCH = YES;
				CODE_SIGN_IDENTITY = "iPhone Developer";
				COPY_PHASE_STRIP = NO;
				DEBUG_INFORMATION_FORMAT = dwarf;
				ENABLE_STRICT_OBJC_MSGSEND = YES;
				ENABLE_TESTABILITY = YES;
				GCC_C_LANGUAGE_STANDARD = gnu11;
				GCC_DYNAMIC_NO_PIC = NO;
				GCC_NO_COMMON_BLOCKS = YES;
				GCC_OPTIMIZATION_LEVEL = 0;
				GCC_PREPROCESSOR_DEFINITIONS = (
					"DEBUG=1",
					"$(inherited)",
				);
				GCC_WARN_64_TO_32_BIT_CONVERSION = YES;
				GCC_WARN_ABOUT_RETURN_TYPE = YES_ERROR;
				GCC_WARN_UNDECLARED_SELECTOR = YES;
				GCC_WARN_UNINITIALIZED_AUTOS = YES_AGGRESSIVE;
				GCC_WARN_UNUSED_FUNCTION = YES;
				GCC_WARN_UNUSED_VARIABLE = YES;
				IPHONEOS_DEPLOYMENT_TARGET = 11.4;
				MTL_ENABLE_DEBUG_INFO = YES;
				ONLY_ACTIVE_ARCH = YES;
				SDKROOT = iphoneos;
				SWIFT_ACTIVE_COMPILATION_CONDITIONS = DEBUG;
				SWIFT_OPTIMIZATION_LEVEL = "-Onone";
			};
			name = Debug;
		};
		76931C1B21211B1100C36167 /* Release */ = {
			isa = XCBuildConfiguration;
			buildSettings = {
				ALWAYS_SEARCH_USER_PATHS = NO;
				CLANG_ANALYZER_NONNULL = YES;
				CLANG_ANALYZER_NUMBER_OBJECT_CONVERSION = YES_AGGRESSIVE;
				CLANG_CXX_LANGUAGE_STANDARD = "gnu++14";
				CLANG_CXX_LIBRARY = "libc++";
				CLANG_ENABLE_MODULES = YES;
				CLANG_ENABLE_OBJC_ARC = YES;
				CLANG_ENABLE_OBJC_WEAK = YES;
				CLANG_WARN_BLOCK_CAPTURE_AUTORELEASING = YES;
				CLANG_WARN_BOOL_CONVERSION = YES;
				CLANG_WARN_COMMA = YES;
				CLANG_WARN_CONSTANT_CONVERSION = YES;
				CLANG_WARN_DEPRECATED_OBJC_IMPLEMENTATIONS = YES;
				CLANG_WARN_DIRECT_OBJC_ISA_USAGE = YES_ERROR;
				CLANG_WARN_DOCUMENTATION_COMMENTS = YES;
				CLANG_WARN_EMPTY_BODY = YES;
				CLANG_WARN_ENUM_CONVERSION = YES;
				CLANG_WARN_INFINITE_RECURSION = YES;
				CLANG_WARN_INT_CONVERSION = YES;
				CLANG_WARN_NON_LITERAL_NULL_CONVERSION = YES;
				CLANG_WARN_OBJC_IMPLICIT_RETAIN_SELF = YES;
				CLANG_WARN_OBJC_LITERAL_CONVERSION = YES;
				CLANG_WARN_OBJC_ROOT_CLASS = YES_ERROR;
				CLANG_WARN_RANGE_LOOP_ANALYSIS = YES;
				CLANG_WARN_STRICT_PROTOTYPES = YES;
				CLANG_WARN_SUSPICIOUS_MOVE = YES;
				CLANG_WARN_UNGUARDED_AVAILABILITY = YES_AGGRESSIVE;
				CLANG_WARN_UNREACHABLE_CODE = YES;
				CLANG_WARN__DUPLICATE_METHOD_MATCH = YES;
				CODE_SIGN_IDENTITY = "iPhone Developer";
				COPY_PHASE_STRIP = NO;
				DEBUG_INFORMATION_FORMAT = "dwarf-with-dsym";
				ENABLE_NS_ASSERTIONS = NO;
				ENABLE_STRICT_OBJC_MSGSEND = YES;
				GCC_C_LANGUAGE_STANDARD = gnu11;
				GCC_NO_COMMON_BLOCKS = YES;
				GCC_WARN_64_TO_32_BIT_CONVERSION = YES;
				GCC_WARN_ABOUT_RETURN_TYPE = YES_ERROR;
				GCC_WARN_UNDECLARED_SELECTOR = YES;
				GCC_WARN_UNINITIALIZED_AUTOS = YES_AGGRESSIVE;
				GCC_WARN_UNUSED_FUNCTION = YES;
				GCC_WARN_UNUSED_VARIABLE = YES;
				IPHONEOS_DEPLOYMENT_TARGET = 11.4;
				MTL_ENABLE_DEBUG_INFO = NO;
				SDKROOT = iphoneos;
				SWIFT_COMPILATION_MODE = wholemodule;
				SWIFT_OPTIMIZATION_LEVEL = "-O";
				VALIDATE_PRODUCT = YES;
			};
			name = Release;
		};
		76931C1D21211B1100C36167 /* Debug */ = {
			isa = XCBuildConfiguration;
			baseConfigurationReference = ACB42AA46A4FA8FE80826953 /* Pods-KeepSafe.debug.xcconfig */;
			buildSettings = {
				ASSETCATALOG_COMPILER_APPICON_NAME = AppIcon;
				CODE_SIGN_STYLE = Automatic;
				DEVELOPMENT_TEAM = S2X9VNR2UC;
				INFOPLIST_FILE = KeepSafe/Info.plist;
				LD_RUNPATH_SEARCH_PATHS = (
					"$(inherited)",
					"@executable_path/Frameworks",
				);
				PRODUCT_BUNDLE_IDENTIFIER = com.marty.KeepSafe;
				PRODUCT_NAME = "$(TARGET_NAME)";
				SWIFT_VERSION = 4.0;
				TARGETED_DEVICE_FAMILY = "1,2";
			};
			name = Debug;
		};
		76931C1E21211B1100C36167 /* Release */ = {
			isa = XCBuildConfiguration;
			baseConfigurationReference = D2569EA2099EB00A56146380 /* Pods-KeepSafe.release.xcconfig */;
			buildSettings = {
				ASSETCATALOG_COMPILER_APPICON_NAME = AppIcon;
				CODE_SIGN_STYLE = Automatic;
				DEVELOPMENT_TEAM = S2X9VNR2UC;
				INFOPLIST_FILE = KeepSafe/Info.plist;
				LD_RUNPATH_SEARCH_PATHS = (
					"$(inherited)",
					"@executable_path/Frameworks",
				);
				PRODUCT_BUNDLE_IDENTIFIER = com.marty.KeepSafe;
				PRODUCT_NAME = "$(TARGET_NAME)";
				SWIFT_VERSION = 4.0;
				TARGETED_DEVICE_FAMILY = "1,2";
			};
			name = Release;
		};
		76931C2021211B1100C36167 /* Debug */ = {
			isa = XCBuildConfiguration;
			baseConfigurationReference = 0F4FC6AE09E05496496BD7EA /* Pods-KeepSafeTests.debug.xcconfig */;
			buildSettings = {
				ALWAYS_EMBED_SWIFT_STANDARD_LIBRARIES = YES;
				BUNDLE_LOADER = "$(TEST_HOST)";
				CODE_SIGN_STYLE = Automatic;
				DEVELOPMENT_TEAM = S2X9VNR2UC;
				INFOPLIST_FILE = KeepSafeTests/Info.plist;
				LD_RUNPATH_SEARCH_PATHS = (
					"$(inherited)",
					"@executable_path/Frameworks",
					"@loader_path/Frameworks",
				);
				PRODUCT_BUNDLE_IDENTIFIER = com.marty.KeepSafeTests;
				PRODUCT_NAME = "$(TARGET_NAME)";
				SWIFT_VERSION = 4.0;
				TARGETED_DEVICE_FAMILY = "1,2";
				TEST_HOST = "$(BUILT_PRODUCTS_DIR)/KeepSafe.app/KeepSafe";
			};
			name = Debug;
		};
		76931C2121211B1100C36167 /* Release */ = {
			isa = XCBuildConfiguration;
			baseConfigurationReference = 5687C7E93EA4D5C21C671592 /* Pods-KeepSafeTests.release.xcconfig */;
			buildSettings = {
				ALWAYS_EMBED_SWIFT_STANDARD_LIBRARIES = YES;
				BUNDLE_LOADER = "$(TEST_HOST)";
				CODE_SIGN_STYLE = Automatic;
				DEVELOPMENT_TEAM = S2X9VNR2UC;
				INFOPLIST_FILE = KeepSafeTests/Info.plist;
				LD_RUNPATH_SEARCH_PATHS = (
					"$(inherited)",
					"@executable_path/Frameworks",
					"@loader_path/Frameworks",
				);
				PRODUCT_BUNDLE_IDENTIFIER = com.marty.KeepSafeTests;
				PRODUCT_NAME = "$(TARGET_NAME)";
				SWIFT_VERSION = 4.0;
				TARGETED_DEVICE_FAMILY = "1,2";
				TEST_HOST = "$(BUILT_PRODUCTS_DIR)/KeepSafe.app/KeepSafe";
			};
			name = Release;
		};
/* End XCBuildConfiguration section */

/* Begin XCConfigurationList section */
		76931BFA21211B1000C36167 /* Build configuration list for PBXProject "KeepSafe" */ = {
			isa = XCConfigurationList;
			buildConfigurations = (
				76931C1A21211B1100C36167 /* Debug */,
				76931C1B21211B1100C36167 /* Release */,
			);
			defaultConfigurationIsVisible = 0;
			defaultConfigurationName = Release;
		};
		76931C1C21211B1100C36167 /* Build configuration list for PBXNativeTarget "KeepSafe" */ = {
			isa = XCConfigurationList;
			buildConfigurations = (
				76931C1D21211B1100C36167 /* Debug */,
				76931C1E21211B1100C36167 /* Release */,
			);
			defaultConfigurationIsVisible = 0;
			defaultConfigurationName = Release;
		};
		76931C1F21211B1100C36167 /* Build configuration list for PBXNativeTarget "KeepSafeTests" */ = {
			isa = XCConfigurationList;
			buildConfigurations = (
				76931C2021211B1100C36167 /* Debug */,
				76931C2121211B1100C36167 /* Release */,
			);
			defaultConfigurationIsVisible = 0;
			defaultConfigurationName = Release;
		};
/* End XCConfigurationList section */
	};
	rootObject = 76931BF721211B1000C36167 /* Project object */;
}
